PODS:
  - Alamofire (4.9.1)
  - SDWebImage (4.4.8):
    - SDWebImage/Core (= 4.4.8)
  - SDWebImage/Core (4.4.8)
  - SwiftyJSON (5.0.1)

DEPENDENCIES:
  - Alamofire (~> 4.4)
  - SDWebImage (~> 4.0)
  - SwiftyJSON

SPEC REPOS:
  trunk:
    - Alamofire
    - SDWebImage
    - SwiftyJSON

SPEC CHECKSUMS:
  Alamofire: 85e8a02c69d6020a0d734f6054870d7ecb75cf18
  SDWebImage: 783af2c3fa36291a250030c4752ee370a9a51d13
  SwiftyJSON: 2f33a42c6fbc52764d96f13368585094bfd8aa5e

PODFILE CHECKSUM: 038dc1b1f471170b50596faa55a4afc18bebef5b

COCOAPODS: 1.11.3
